speakeasyVersion: 1.650.0
sources:
    Glean API:
        sourceNamespace: glean-api-specs
        sourceRevisionDigest: sha256:ab3219e34896dc96893a548fb03c6c0f3b62ebde145ad8be7d8a5f8ac74513d6
        sourceBlobDigest: sha256:5ee99a226409e04f4a79331bfb11520ec4bf6570d6f568cff947d1a8fbbed4f1
        tags:
            - latest
            - speakeasy-sdk-regen-1762417735
    petstore-oas:
        sourceNamespace: petstore-oas
        sourceRevisionDigest: sha256:97b2eff2f43ce14276d28efc41ec5de8034cde61db8445f12b626e4dc88ea40e
        sourceBlobDigest: sha256:81cfc2e66c21c8554e77c28114e76e9b348f43af7e680245f78786f373790761
        tags:
            - latest
            - 1.0.0
targets:
    glean:
        source: Glean API
        sourceNamespace: glean-api-specs
        sourceRevisionDigest: sha256:ab3219e34896dc96893a548fb03c6c0f3b62ebde145ad8be7d8a5f8ac74513d6
        sourceBlobDigest: sha256:5ee99a226409e04f4a79331bfb11520ec4bf6570d6f568cff947d1a8fbbed4f1
        codeSamplesNamespace: glean-api-specs-go-code-samples
        codeSamplesRevisionDigest: sha256:d743223e6e42424f91e7a4ae05dcba378b8c909060f2997fca3539f053efec03
    petstore:
        source: petstore-oas
        sourceNamespace: petstore-oas
        sourceRevisionDigest: sha256:97b2eff2f43ce14276d28efc41ec5de8034cde61db8445f12b626e4dc88ea40e
        sourceBlobDigest: sha256:81cfc2e66c21c8554e77c28114e76e9b348f43af7e680245f78786f373790761
        codeSamplesNamespace: petstore-oas-go-code-samples
        codeSamplesRevisionDigest: sha256:4e3c643b18fedb68dd6eee5066d835472f1d4a7137ba7fefb32dc7458c208b7b
workflow:
    workflowVersion: 1.0.0
    speakeasyVersion: latest
    sources:
        Glean API:
            inputs:
                - location: registry.speakeasyapi.dev/glean-el2/sdk/glean-api-specs
            output: .speakeasy/glean-merged-spec.yaml
    targets:
        glean:
            target: go
            source: Glean API
            codeSamples:
                registry:
                    location: registry.speakeasyapi.dev/glean-el2/sdk/glean-api-specs-go-code-samples
                labelOverride:
                    fixedValue: Go (API Client)
                blocking: false
            testing:
                enabled: true
