speakeasyVersion: 1.709.3
sources:
    Glean API:
        sourceNamespace: glean-api-specs
        sourceRevisionDigest: sha256:b38bf1e37aa8bc265550ac0ed69b88b02d98050a576d5bb6a4546b74e5e4210f
        sourceBlobDigest: sha256:8928c68b5880fc0f36058b4dfbb5e3743558b9592e72fbfeeafc536b70f77a24
        tags:
            - latest
            - speakeasy-sdk-regen-1770658570
    petstore-oas:
        sourceNamespace: petstore-oas
        sourceRevisionDigest: sha256:97b2eff2f43ce14276d28efc41ec5de8034cde61db8445f12b626e4dc88ea40e
        sourceBlobDigest: sha256:81cfc2e66c21c8554e77c28114e76e9b348f43af7e680245f78786f373790761
        tags:
            - latest
            - 1.0.0
targets:
    glean:
        source: Glean API
        sourceNamespace: glean-api-specs
        sourceRevisionDigest: sha256:b38bf1e37aa8bc265550ac0ed69b88b02d98050a576d5bb6a4546b74e5e4210f
        sourceBlobDigest: sha256:8928c68b5880fc0f36058b4dfbb5e3743558b9592e72fbfeeafc536b70f77a24
        codeSamplesNamespace: glean-api-specs-go-code-samples
        codeSamplesRevisionDigest: sha256:b133c8132acb54847b78eeefa95cffe96b6e1fb60c113256852e743c06713306
    petstore:
        source: petstore-oas
        sourceNamespace: petstore-oas
        sourceRevisionDigest: sha256:97b2eff2f43ce14276d28efc41ec5de8034cde61db8445f12b626e4dc88ea40e
        sourceBlobDigest: sha256:81cfc2e66c21c8554e77c28114e76e9b348f43af7e680245f78786f373790761
        codeSamplesNamespace: petstore-oas-go-code-samples
        codeSamplesRevisionDigest: sha256:4e3c643b18fedb68dd6eee5066d835472f1d4a7137ba7fefb32dc7458c208b7b
workflow:
    workflowVersion: 1.0.0
    speakeasyVersion: latest
    sources:
        Glean API:
            inputs:
                - location: registry.speakeasyapi.dev/glean-el2/sdk/glean-api-specs
            output: .speakeasy/glean-merged-spec.yaml
    targets:
        glean:
            target: go
            source: Glean API
            codeSamples:
                registry:
                    location: registry.speakeasyapi.dev/glean-el2/sdk/glean-api-specs-go-code-samples
                labelOverride:
                    fixedValue: Go (API Client)
                blocking: false
            testing:
                enabled: true
