speakeasyVersion: 1.722.0
sources:
    Glean API:
        sourceNamespace: glean-api-specs
        sourceRevisionDigest: sha256:a417495716018a416b8210f6cb830654e301e408cceb567b5c86f81d5211db79
        sourceBlobDigest: sha256:163203ddf3ff04235c0ee40e8ec377e1093ff290525e24b89dfd28248a4c331a
        tags:
            - latest
            - speakeasy-sdk-regen-1770751913
    petstore-oas:
        sourceNamespace: petstore-oas
        sourceRevisionDigest: sha256:97b2eff2f43ce14276d28efc41ec5de8034cde61db8445f12b626e4dc88ea40e
        sourceBlobDigest: sha256:81cfc2e66c21c8554e77c28114e76e9b348f43af7e680245f78786f373790761
        tags:
            - latest
            - 1.0.0
targets:
    glean:
        source: Glean API
        sourceNamespace: glean-api-specs
        sourceRevisionDigest: sha256:a417495716018a416b8210f6cb830654e301e408cceb567b5c86f81d5211db79
        sourceBlobDigest: sha256:163203ddf3ff04235c0ee40e8ec377e1093ff290525e24b89dfd28248a4c331a
        codeSamplesNamespace: glean-api-specs-go-code-samples
        codeSamplesRevisionDigest: sha256:41d9d2be1f8fa7f1d9f8860dd4aa51f0aec06a2d23497138e8603e8bc3861249
    petstore:
        source: petstore-oas
        sourceNamespace: petstore-oas
        sourceRevisionDigest: sha256:97b2eff2f43ce14276d28efc41ec5de8034cde61db8445f12b626e4dc88ea40e
        sourceBlobDigest: sha256:81cfc2e66c21c8554e77c28114e76e9b348f43af7e680245f78786f373790761
        codeSamplesNamespace: petstore-oas-go-code-samples
        codeSamplesRevisionDigest: sha256:4e3c643b18fedb68dd6eee5066d835472f1d4a7137ba7fefb32dc7458c208b7b
workflow:
    workflowVersion: 1.0.0
    speakeasyVersion: latest
    sources:
        Glean API:
            inputs:
                - location: registry.speakeasyapi.dev/glean-el2/sdk/glean-api-specs
            output: .speakeasy/glean-merged-spec.yaml
    targets:
        glean:
            target: go
            source: Glean API
            codeSamples:
                registry:
                    location: registry.speakeasyapi.dev/glean-el2/sdk/glean-api-specs-go-code-samples
                labelOverride:
                    fixedValue: Go (API Client)
                blocking: false
            testing:
                enabled: true
